// !$*UTF8*$!
{
	archiveVersion = 1;
	classes = {
	};
	objectVersion = 46;
	objects = {

/* Begin PBXBuildFile section */
		13CF21A5CAE12E42E9EDBB19 /* libPods-DDPresenter_Example.a in Frameworks */ = {isa = PBXBuildFile; fileRef = 0FF4AC41A0AC37636BF9518E /* libPods-DDPresenter_Example.a */; };
		2BF90ECA27D9D47000F5017C /* FunctionViewController.swift in Sources */ = {isa = PBXBuildFile; fileRef = 2BF90EC927D9D47000F5017C /* FunctionViewController.swift */; };
		607FACD61AFB9204008FA782 /* AppDelegate.swift in Sources */ = {isa = PBXBuildFile; fileRef = 607FACD51AFB9204008FA782 /* AppDelegate.swift */; };
		607FACD81AFB9204008FA782 /* MainViewController.swift in Sources */ = {isa = PBXBuildFile; fileRef = 607FACD71AFB9204008FA782 /* MainViewController.swift */; };
		607FACDB1AFB9204008FA782 /* Main.storyboard in Resources */ = {isa = PBXBuildFile; fileRef = 607FACD91AFB9204008FA782 /* Main.storyboard */; };
		607FACDD1AFB9204008FA782 /* Images.xcassets in Resources */ = {isa = PBXBuildFile; fileRef = 607FACDC1AFB9204008FA782 /* Images.xcassets */; };
		607FACE01AFB9204008FA782 /* LaunchScreen.xib in Resources */ = {isa = PBXBuildFile; fileRef = 607FACDE1AFB9204008FA782 /* LaunchScreen.xib */; };
		607FACEC1AFB9204008FA782 /* Tests.swift in Sources */ = {isa = PBXBuildFile; fileRef = 607FACEB1AFB9204008FA782 /* Tests.swift */; };
		65119A6C2BEDCEF30007C08A /* MyAnimationPresenter.swift in Sources */ = {isa = PBXBuildFile; fileRef = 65119A692BEDCEF30007C08A /* MyAnimationPresenter.swift */; };
		65119A6D2BEDCEF30007C08A /* MyAnimationViewController.swift in Sources */ = {isa = PBXBuildFile; fileRef = 65119A6A2BEDCEF30007C08A /* MyAnimationViewController.swift */; };
		65119A6E2BEDCEF30007C08A /* MyAnimationView.swift in Sources */ = {isa = PBXBuildFile; fileRef = 65119A6B2BEDCEF30007C08A /* MyAnimationView.swift */; };
		65119A722BEDE3D50007C08A /* MyNotificationPresenter.swift in Sources */ = {isa = PBXBuildFile; fileRef = 65119A6F2BEDE3D50007C08A /* MyNotificationPresenter.swift */; };
		65119A732BEDE3D50007C08A /* MyNotificationViewController.swift in Sources */ = {isa = PBXBuildFile; fileRef = 65119A702BEDE3D50007C08A /* MyNotificationViewController.swift */; };
		65119A742BEDE3D50007C08A /* MyNotificationView.swift in Sources */ = {isa = PBXBuildFile; fileRef = 65119A712BEDE3D50007C08A /* MyNotificationView.swift */; };
		65A781D42BF2096800599D2B /* UICollectionViewDiffViewController.swift in Sources */ = {isa = PBXBuildFile; fileRef = 65A781D32BF2096800599D2B /* UICollectionViewDiffViewController.swift */; };
		65A781D62BF2097A00599D2B /* UICollectionViewAutoSizeViewController.swift in Sources */ = {isa = PBXBuildFile; fileRef = 65A781D52BF2097A00599D2B /* UICollectionViewAutoSizeViewController.swift */; };
		65A781D92BF209E800599D2B /* AutoSizeForAutoLayoutPresenter.swift in Sources */ = {isa = PBXBuildFile; fileRef = 65A781D72BF209E800599D2B /* AutoSizeForAutoLayoutPresenter.swift */; };
		65A781DA2BF209E800599D2B /* AutoSizeForAutoLayoutCell.swift in Sources */ = {isa = PBXBuildFile; fileRef = 65A781D82BF209E800599D2B /* AutoSizeForAutoLayoutCell.swift */; };
		65A781DD2BF20A0000599D2B /* AutoSizeForSizeThatFitPresenter.swift in Sources */ = {isa = PBXBuildFile; fileRef = 65A781DB2BF20A0000599D2B /* AutoSizeForSizeThatFitPresenter.swift */; };
		65A781DE2BF20A0000599D2B /* AutoSizeForSizeThatFitCell.swift in Sources */ = {isa = PBXBuildFile; fileRef = 65A781DC2BF20A0000599D2B /* AutoSizeForSizeThatFitCell.swift */; };
		65A781E12BF20AB900599D2B /* AutoSizeForIntrinsicContentSizePresenter.swift in Sources */ = {isa = PBXBuildFile; fileRef = 65A781DF2BF20AB900599D2B /* AutoSizeForIntrinsicContentSizePresenter.swift */; };
		65A781E22BF20AB900599D2B /* AutoSizeForIntrinsicContentSizeCell.swift in Sources */ = {isa = PBXBuildFile; fileRef = 65A781E02BF20AB900599D2B /* AutoSizeForIntrinsicContentSizeCell.swift */; };
		65A781E52BF215DA00599D2B /* DiffBlockPresenter.swift in Sources */ = {isa = PBXBuildFile; fileRef = 65A781E32BF215DA00599D2B /* DiffBlockPresenter.swift */; };
		65A781E62BF215DA00599D2B /* DiffBlockCell.swift in Sources */ = {isa = PBXBuildFile; fileRef = 65A781E42BF215DA00599D2B /* DiffBlockCell.swift */; };
		65A781EE2BF2183600599D2B /* UITableViewAutoSizeViewControllerViewController.swift in Sources */ = {isa = PBXBuildFile; fileRef = 65A781ED2BF2183600599D2B /* UITableViewAutoSizeViewControllerViewController.swift */; };
		65A781F02BF2184500599D2B /* UITableViewDiffViewControllerViewController.swift in Sources */ = {isa = PBXBuildFile; fileRef = 65A781EF2BF2184500599D2B /* UITableViewDiffViewControllerViewController.swift */; };
		65A781F32BF2186900599D2B /* TableDiffBlockPresenter.swift in Sources */ = {isa = PBXBuildFile; fileRef = 65A781F12BF2186900599D2B /* TableDiffBlockPresenter.swift */; };
		65A781F42BF2186900599D2B /* TableDiffBlockTableCell.swift in Sources */ = {isa = PBXBuildFile; fileRef = 65A781F22BF2186900599D2B /* TableDiffBlockTableCell.swift */; };
		65A781F72BF2187E00599D2B /* TableAutoSizeForAutoLayoutPresenter.swift in Sources */ = {isa = PBXBuildFile; fileRef = 65A781F52BF2187E00599D2B /* TableAutoSizeForAutoLayoutPresenter.swift */; };
		65A781F82BF2187E00599D2B /* TableAutoSizeForAutoLayoutTableCell.swift in Sources */ = {isa = PBXBuildFile; fileRef = 65A781F62BF2187E00599D2B /* TableAutoSizeForAutoLayoutTableCell.swift */; };
		65A781FB2BF2188C00599D2B /* TableAutoSizeForIntrinsicContentSizePresenter.swift in Sources */ = {isa = PBXBuildFile; fileRef = 65A781F92BF2188C00599D2B /* TableAutoSizeForIntrinsicContentSizePresenter.swift */; };
		65A781FC2BF2188C00599D2B /* TableAutoSizeForIntrinsicContentSizeTableCell.swift in Sources */ = {isa = PBXBuildFile; fileRef = 65A781FA2BF2188C00599D2B /* TableAutoSizeForIntrinsicContentSizeTableCell.swift */; };
		65A781FF2BF2189B00599D2B /* TableAutoSizeForSizeThatFitPresenter.swift in Sources */ = {isa = PBXBuildFile; fileRef = 65A781FD2BF2189B00599D2B /* TableAutoSizeForSizeThatFitPresenter.swift */; };
		65A782002BF2189B00599D2B /* TableAutoSizeForSizeThatFitTableCell.swift in Sources */ = {isa = PBXBuildFile; fileRef = 65A781FE2BF2189B00599D2B /* TableAutoSizeForSizeThatFitTableCell.swift */; };
		65C6973B2BEDC13000BD15CC /* MyStatefulPresenter.swift in Sources */ = {isa = PBXBuildFile; fileRef = 65C697382BEDC13000BD15CC /* MyStatefulPresenter.swift */; };
		65C6973C2BEDC13000BD15CC /* MyStatefulViewController.swift in Sources */ = {isa = PBXBuildFile; fileRef = 65C697392BEDC13000BD15CC /* MyStatefulViewController.swift */; };
		65C6973D2BEDC13000BD15CC /* MyStatefulView.swift in Sources */ = {isa = PBXBuildFile; fileRef = 65C6973A2BEDC13000BD15CC /* MyStatefulView.swift */; };
		65C697412BEDC4C700BD15CC /* MyServicePresenter.swift in Sources */ = {isa = PBXBuildFile; fileRef = 65C6973E2BEDC4C700BD15CC /* MyServicePresenter.swift */; };
		65C697422BEDC4C700BD15CC /* MyServiceViewController.swift in Sources */ = {isa = PBXBuildFile; fileRef = 65C6973F2BEDC4C700BD15CC /* MyServiceViewController.swift */; };
		65C697432BEDC4C700BD15CC /* MyServiceView.swift in Sources */ = {isa = PBXBuildFile; fileRef = 65C697402BEDC4C700BD15CC /* MyServiceView.swift */; };
		65C697452BEDC5EF00BD15CC /* MyPureService.swift in Sources */ = {isa = PBXBuildFile; fileRef = 65C697442BEDC5EF00BD15CC /* MyPureService.swift */; };
		65C697472BEDC60200BD15CC /* MyDirtyService.swift in Sources */ = {isa = PBXBuildFile; fileRef = 65C697462BEDC60200BD15CC /* MyDirtyService.swift */; };
		EDD6A30B908D84EF97103550 /* libPods-DDPresenter_Tests.a in Frameworks */ = {isa = PBXBuildFile; fileRef = D5DC239F8F2524E80FD986A3 /* libPods-DDPresenter_Tests.a */; };
/* End PBXBuildFile section */

/* Begin PBXContainerItemProxy section */
		607FACE61AFB9204008FA782 /* PBXContainerItemProxy */ = {
			isa = PBXContainerItemProxy;
			containerPortal = 607FACC81AFB9204008FA782 /* Project object */;
			proxyType = 1;
			remoteGlobalIDString = 607FACCF1AFB9204008FA782;
			remoteInfo = DDPresenter;
		};
/* End PBXContainerItemProxy section */

/* Begin PBXFileReference section */
		0FF4AC41A0AC37636BF9518E /* libPods-DDPresenter_Example.a */ = {isa = PBXFileReference; explicitFileType = archive.ar; includeInIndex = 0; path = "libPods-DDPresenter_Example.a"; sourceTree = BUILT_PRODUCTS_DIR; };
		2BF90EC927D9D47000F5017C /* FunctionViewController.swift */ = {isa = PBXFileReference; lastKnownFileType = sourcecode.swift; path = FunctionViewController.swift; sourceTree = "<group>"; };
		393C7DF42CD318FB4223EE2F /* Pods-DDPresenter_Example.release.xcconfig */ = {isa = PBXFileReference; includeInIndex = 1; lastKnownFileType = text.xcconfig; name = "Pods-DDPresenter_Example.release.xcconfig"; path = "Target Support Files/Pods-DDPresenter_Example/Pods-DDPresenter_Example.release.xcconfig"; sourceTree = "<group>"; };
		4DEA84C8EDF278495B3237DE /* DDPresenterService.podspec */ = {isa = PBXFileReference; includeInIndex = 1; lastKnownFileType = text; name = DDPresenterService.podspec; path = ../DDPresenterService.podspec; sourceTree = "<group>"; };
		607FACD01AFB9204008FA782 /* DDPresenter_Example.app */ = {isa = PBXFileReference; explicitFileType = wrapper.application; includeInIndex = 0; path = DDPresenter_Example.app; sourceTree = BUILT_PRODUCTS_DIR; };
		607FACD41AFB9204008FA782 /* Info.plist */ = {isa = PBXFileReference; lastKnownFileType = text.plist.xml; path = Info.plist; sourceTree = "<group>"; };
		607FACD51AFB9204008FA782 /* AppDelegate.swift */ = {isa = PBXFileReference; lastKnownFileType = sourcecode.swift; path = AppDelegate.swift; sourceTree = "<group>"; };
		607FACD71AFB9204008FA782 /* MainViewController.swift */ = {isa = PBXFileReference; lastKnownFileType = sourcecode.swift; path = MainViewController.swift; sourceTree = "<group>"; };
		607FACDA1AFB9204008FA782 /* Base */ = {isa = PBXFileReference; lastKnownFileType = file.storyboard; name = Base; path = Base.lproj/Main.storyboard; sourceTree = "<group>"; };
		607FACDC1AFB9204008FA782 /* Images.xcassets */ = {isa = PBXFileReference; lastKnownFileType = folder.assetcatalog; path = Images.xcassets; sourceTree = "<group>"; };
		607FACDF1AFB9204008FA782 /* Base */ = {isa = PBXFileReference; lastKnownFileType = file.xib; name = Base; path = Base.lproj/LaunchScreen.xib; sourceTree = "<group>"; };
		607FACE51AFB9204008FA782 /* DDPresenter_Tests.xctest */ = {isa = PBXFileReference; explicitFileType = wrapper.cfbundle; includeInIndex = 0; path = DDPresenter_Tests.xctest; sourceTree = BUILT_PRODUCTS_DIR; };
		607FACEA1AFB9204008FA782 /* Info.plist */ = {isa = PBXFileReference; lastKnownFileType = text.plist.xml; path = Info.plist; sourceTree = "<group>"; };
		607FACEB1AFB9204008FA782 /* Tests.swift */ = {isa = PBXFileReference; lastKnownFileType = sourcecode.swift; path = Tests.swift; sourceTree = "<group>"; };
		65119A692BEDCEF30007C08A /* MyAnimationPresenter.swift */ = {isa = PBXFileReference; lastKnownFileType = sourcecode.swift; name = MyAnimationPresenter.swift; path = ViewPresenter/Animations/MyAnimationPresenter.swift; sourceTree = "<group>"; };
		65119A6A2BEDCEF30007C08A /* MyAnimationViewController.swift */ = {isa = PBXFileReference; lastKnownFileType = sourcecode.swift; name = MyAnimationViewController.swift; path = ViewPresenter/Animations/MyAnimationViewController.swift; sourceTree = "<group>"; };
		65119A6B2BEDCEF30007C08A /* MyAnimationView.swift */ = {isa = PBXFileReference; lastKnownFileType = sourcecode.swift; name = MyAnimationView.swift; path = ViewPresenter/Animations/MyAnimationView.swift; sourceTree = "<group>"; };
		65119A6F2BEDE3D50007C08A /* MyNotificationPresenter.swift */ = {isa = PBXFileReference; lastKnownFileType = sourcecode.swift; name = MyNotificationPresenter.swift; path = ViewPresenter/Notification/MyNotificationPresenter.swift; sourceTree = "<group>"; };
		65119A702BEDE3D50007C08A /* MyNotificationViewController.swift */ = {isa = PBXFileReference; lastKnownFileType = sourcecode.swift; name = MyNotificationViewController.swift; path = ViewPresenter/Notification/MyNotificationViewController.swift; sourceTree = "<group>"; };
		65119A712BEDE3D50007C08A /* MyNotificationView.swift */ = {isa = PBXFileReference; lastKnownFileType = sourcecode.swift; name = MyNotificationView.swift; path = ViewPresenter/Notification/MyNotificationView.swift; sourceTree = "<group>"; };
		65A781D32BF2096800599D2B /* UICollectionViewDiffViewController.swift */ = {isa = PBXFileReference; lastKnownFileType = sourcecode.swift; name = UICollectionViewDiffViewController.swift; path = UICollectionView/Diff/UICollectionViewDiffViewController.swift; sourceTree = "<group>"; };
		65A781D52BF2097A00599D2B /* UICollectionViewAutoSizeViewController.swift */ = {isa = PBXFileReference; lastKnownFileType = sourcecode.swift; name = UICollectionViewAutoSizeViewController.swift; path = UICollectionView/AutoSize/UICollectionViewAutoSizeViewController.swift; sourceTree = "<group>"; };
		65A781D72BF209E800599D2B /* AutoSizeForAutoLayoutPresenter.swift */ = {isa = PBXFileReference; lastKnownFileType = sourcecode.swift; name = AutoSizeForAutoLayoutPresenter.swift; path = UICollectionView/AutoSize/AutoSizeForAutoLayoutPresenter.swift; sourceTree = "<group>"; };
		65A781D82BF209E800599D2B /* AutoSizeForAutoLayoutCell.swift */ = {isa = PBXFileReference; lastKnownFileType = sourcecode.swift; name = AutoSizeForAutoLayoutCell.swift; path = UICollectionView/AutoSize/AutoSizeForAutoLayoutCell.swift; sourceTree = "<group>"; };
		65A781DB2BF20A0000599D2B /* AutoSizeForSizeThatFitPresenter.swift */ = {isa = PBXFileReference; lastKnownFileType = sourcecode.swift; name = AutoSizeForSizeThatFitPresenter.swift; path = UICollectionView/AutoSize/AutoSizeForSizeThatFitPresenter.swift; sourceTree = "<group>"; };
		65A781DC2BF20A0000599D2B /* AutoSizeForSizeThatFitCell.swift */ = {isa = PBXFileReference; lastKnownFileType = sourcecode.swift; name = AutoSizeForSizeThatFitCell.swift; path = UICollectionView/AutoSize/AutoSizeForSizeThatFitCell.swift; sourceTree = "<group>"; };
		65A781DF2BF20AB900599D2B /* AutoSizeForIntrinsicContentSizePresenter.swift */ = {isa = PBXFileReference; lastKnownFileType = sourcecode.swift; name = AutoSizeForIntrinsicContentSizePresenter.swift; path = UICollectionView/AutoSize/AutoSizeForIntrinsicContentSizePresenter.swift; sourceTree = "<group>"; };
		65A781E02BF20AB900599D2B /* AutoSizeForIntrinsicContentSizeCell.swift */ = {isa = PBXFileReference; lastKnownFileType = sourcecode.swift; name = AutoSizeForIntrinsicContentSizeCell.swift; path = UICollectionView/AutoSize/AutoSizeForIntrinsicContentSizeCell.swift; sourceTree = "<group>"; };
		65A781E32BF215DA00599D2B /* DiffBlockPresenter.swift */ = {isa = PBXFileReference; lastKnownFileType = sourcecode.swift; name = DiffBlockPresenter.swift; path = UICollectionView/Diff/DiffBlockPresenter.swift; sourceTree = "<group>"; };
		65A781E42BF215DA00599D2B /* DiffBlockCell.swift */ = {isa = PBXFileReference; lastKnownFileType = sourcecode.swift; name = DiffBlockCell.swift; path = UICollectionView/Diff/DiffBlockCell.swift; sourceTree = "<group>"; };
		65A781ED2BF2183600599D2B /* UITableViewAutoSizeViewControllerViewController.swift */ = {isa = PBXFileReference; lastKnownFileType = sourcecode.swift; path = UITableViewAutoSizeViewControllerViewController.swift; sourceTree = "<group>"; };
		65A781EF2BF2184500599D2B /* UITableViewDiffViewControllerViewController.swift */ = {isa = PBXFileReference; lastKnownFileType = sourcecode.swift; path = UITableViewDiffViewControllerViewController.swift; sourceTree = "<group>"; };
		65A781F12BF2186900599D2B /* TableDiffBlockPresenter.swift */ = {isa = PBXFileReference; lastKnownFileType = sourcecode.swift; path = TableDiffBlockPresenter.swift; sourceTree = "<group>"; };
		65A781F22BF2186900599D2B /* TableDiffBlockTableCell.swift */ = {isa = PBXFileReference; lastKnownFileType = sourcecode.swift; path = TableDiffBlockTableCell.swift; sourceTree = "<group>"; };
		65A781F52BF2187E00599D2B /* TableAutoSizeForAutoLayoutPresenter.swift */ = {isa = PBXFileReference; lastKnownFileType = sourcecode.swift; path = TableAutoSizeForAutoLayoutPresenter.swift; sourceTree = "<group>"; };
		65A781F62BF2187E00599D2B /* TableAutoSizeForAutoLayoutTableCell.swift */ = {isa = PBXFileReference; lastKnownFileType = sourcecode.swift; path = TableAutoSizeForAutoLayoutTableCell.swift; sourceTree = "<group>"; };
		65A781F92BF2188C00599D2B /* TableAutoSizeForIntrinsicContentSizePresenter.swift */ = {isa = PBXFileReference; lastKnownFileType = sourcecode.swift; path = TableAutoSizeForIntrinsicContentSizePresenter.swift; sourceTree = "<group>"; };
		65A781FA2BF2188C00599D2B /* TableAutoSizeForIntrinsicContentSizeTableCell.swift */ = {isa = PBXFileReference; lastKnownFileType = sourcecode.swift; path = TableAutoSizeForIntrinsicContentSizeTableCell.swift; sourceTree = "<group>"; };
		65A781FD2BF2189B00599D2B /* TableAutoSizeForSizeThatFitPresenter.swift */ = {isa = PBXFileReference; lastKnownFileType = sourcecode.swift; path = TableAutoSizeForSizeThatFitPresenter.swift; sourceTree = "<group>"; };
		65A781FE2BF2189B00599D2B /* TableAutoSizeForSizeThatFitTableCell.swift */ = {isa = PBXFileReference; lastKnownFileType = sourcecode.swift; path = TableAutoSizeForSizeThatFitTableCell.swift; sourceTree = "<group>"; };
		65C697382BEDC13000BD15CC /* MyStatefulPresenter.swift */ = {isa = PBXFileReference; lastKnownFileType = sourcecode.swift; name = MyStatefulPresenter.swift; path = ViewPresenter/Stateful/MyStatefulPresenter.swift; sourceTree = "<group>"; };
		65C697392BEDC13000BD15CC /* MyStatefulViewController.swift */ = {isa = PBXFileReference; lastKnownFileType = sourcecode.swift; name = MyStatefulViewController.swift; path = ViewPresenter/Stateful/MyStatefulViewController.swift; sourceTree = "<group>"; };
		65C6973A2BEDC13000BD15CC /* MyStatefulView.swift */ = {isa = PBXFileReference; lastKnownFileType = sourcecode.swift; name = MyStatefulView.swift; path = ViewPresenter/Stateful/MyStatefulView.swift; sourceTree = "<group>"; };
		65C6973E2BEDC4C700BD15CC /* MyServicePresenter.swift */ = {isa = PBXFileReference; lastKnownFileType = sourcecode.swift; name = MyServicePresenter.swift; path = ViewPresenter/Service/MyServicePresenter.swift; sourceTree = "<group>"; };
		65C6973F2BEDC4C700BD15CC /* MyServiceViewController.swift */ = {isa = PBXFileReference; lastKnownFileType = sourcecode.swift; name = MyServiceViewController.swift; path = ViewPresenter/Service/MyServiceViewController.swift; sourceTree = "<group>"; };
		65C697402BEDC4C700BD15CC /* MyServiceView.swift */ = {isa = PBXFileReference; lastKnownFileType = sourcecode.swift; name = MyServiceView.swift; path = ViewPresenter/Service/MyServiceView.swift; sourceTree = "<group>"; };
		65C697442BEDC5EF00BD15CC /* MyPureService.swift */ = {isa = PBXFileReference; lastKnownFileType = sourcecode.swift; name = MyPureService.swift; path = ViewPresenter/Service/MyPureService.swift; sourceTree = "<group>"; };
		65C697462BEDC60200BD15CC /* MyDirtyService.swift */ = {isa = PBXFileReference; lastKnownFileType = sourcecode.swift; name = MyDirtyService.swift; path = ViewPresenter/Service/MyDirtyService.swift; sourceTree = "<group>"; };
		81108858FB42E5F578713280 /* Pods-DDPresenter_Tests.release.xcconfig */ = {isa = PBXFileReference; includeInIndex = 1; lastKnownFileType = text.xcconfig; name = "Pods-DDPresenter_Tests.release.xcconfig"; path = "Target Support Files/Pods-DDPresenter_Tests/Pods-DDPresenter_Tests.release.xcconfig"; sourceTree = "<group>"; };
		897B4273E7774102E88E335C /* README.md */ = {isa = PBXFileReference; includeInIndex = 1; lastKnownFileType = net.daringfireball.markdown; name = README.md; path = ../README.md; sourceTree = "<group>"; };
		93FA4910EDFADAE204AD1E75 /* LICENSE */ = {isa = PBXFileReference; includeInIndex = 1; lastKnownFileType = text; name = LICENSE; path = ../LICENSE; sourceTree = "<group>"; };
		9AA702074C787F13E78FC18E /* DDPresenterDebug.podspec */ = {isa = PBXFileReference; includeInIndex = 1; lastKnownFileType = text; name = DDPresenterDebug.podspec; path = ../DDPresenterDebug.podspec; sourceTree = "<group>"; };
		B117C3146C7761FF5AAEEB27 /* Pods-DDPresenter_Tests.debug.xcconfig */ = {isa = PBXFileReference; includeInIndex = 1; lastKnownFileType = text.xcconfig; name = "Pods-DDPresenter_Tests.debug.xcconfig"; path = "Target Support Files/Pods-DDPresenter_Tests/Pods-DDPresenter_Tests.debug.xcconfig"; sourceTree = "<group>"; };
		C302D37529704CCE078B1029 /* DDPresenterServiceImpl.podspec */ = {isa = PBXFileReference; includeInIndex = 1; lastKnownFileType = text; name = DDPresenterServiceImpl.podspec; path = ../DDPresenterServiceImpl.podspec; sourceTree = "<group>"; };
		D5DC239F8F2524E80FD986A3 /* libPods-DDPresenter_Tests.a */ = {isa = PBXFileReference; explicitFileType = archive.ar; includeInIndex = 0; path = "libPods-DDPresenter_Tests.a"; sourceTree = BUILT_PRODUCTS_DIR; };
		EB2E8788038667D7A90B99B2 /* Pods-DDPresenter_Example.debug.xcconfig */ = {isa = PBXFileReference; includeInIndex = 1; lastKnownFileType = text.xcconfig; name = "Pods-DDPresenter_Example.debug.xcconfig"; path = "Target Support Files/Pods-DDPresenter_Example/Pods-DDPresenter_Example.debug.xcconfig"; sourceTree = "<group>"; };
/* End PBXFileReference section */

/* Begin PBXFrameworksBuildPhase section */
		607FACCD1AFB9204008FA782 /* Frameworks */ = {
			isa = PBXFrameworksBuildPhase;
			buildActionMask = 2147483647;
			files = (
				13CF21A5CAE12E42E9EDBB19 /* libPods-DDPresenter_Example.a in Frameworks */,
			);
			runOnlyForDeploymentPostprocessing = 0;
		};
		607FACE21AFB9204008FA782 /* Frameworks */ = {
			isa = PBXFrameworksBuildPhase;
			buildActionMask = 2147483647;
			files = (
				EDD6A30B908D84EF97103550 /* libPods-DDPresenter_Tests.a in Frameworks */,
			);
			runOnlyForDeploymentPostprocessing = 0;
		};
/* End PBXFrameworksBuildPhase section */

/* Begin PBXGroup section */
		607FACC71AFB9204008FA782 = {
			isa = PBXGroup;
			children = (
				607FACF51AFB993E008FA782 /* Podspec Metadata */,
				607FACD21AFB9204008FA782 /* Example for DDPresenter */,
				607FACE81AFB9204008FA782 /* Tests */,
				607FACD11AFB9204008FA782 /* Products */,
				A39EF5A2DDE7B13E96ABCEFB /* Pods */,
				E61D024D16DD4EDFB163D59B /* Frameworks */,
			);
			sourceTree = "<group>";
		};
		607FACD11AFB9204008FA782 /* Products */ = {
			isa = PBXGroup;
			children = (
				607FACD01AFB9204008FA782 /* DDPresenter_Example.app */,
				607FACE51AFB9204008FA782 /* DDPresenter_Tests.xctest */,
			);
			name = Products;
			sourceTree = "<group>";
		};
		607FACD21AFB9204008FA782 /* Example for DDPresenter */ = {
			isa = PBXGroup;
			children = (
				65C697332BEB59A500BD15CC /* ViewPresenter */,
				65C6972F2BEB597800BD15CC /* UICollectionView */,
				65A781E92BF2180A00599D2B /* UITableView */,
				607FACD51AFB9204008FA782 /* AppDelegate.swift */,
				607FACD71AFB9204008FA782 /* MainViewController.swift */,
				2BF90EC927D9D47000F5017C /* FunctionViewController.swift */,
				607FACD91AFB9204008FA782 /* Main.storyboard */,
				607FACDC1AFB9204008FA782 /* Images.xcassets */,
				607FACDE1AFB9204008FA782 /* LaunchScreen.xib */,
				607FACD31AFB9204008FA782 /* Supporting Files */,
			);
			name = "Example for DDPresenter";
			path = DDPresenter;
			sourceTree = "<group>";
		};
		607FACD31AFB9204008FA782 /* Supporting Files */ = {
			isa = PBXGroup;
			children = (
				607FACD41AFB9204008FA782 /* Info.plist */,
			);
			name = "Supporting Files";
			sourceTree = "<group>";
		};
		607FACE81AFB9204008FA782 /* Tests */ = {
			isa = PBXGroup;
			children = (
				607FACEB1AFB9204008FA782 /* Tests.swift */,
				607FACE91AFB9204008FA782 /* Supporting Files */,
			);
			path = Tests;
			sourceTree = "<group>";
		};
		607FACE91AFB9204008FA782 /* Supporting Files */ = {
			isa = PBXGroup;
			children = (
				607FACEA1AFB9204008FA782 /* Info.plist */,
			);
			name = "Supporting Files";
			sourceTree = "<group>";
		};
		607FACF51AFB993E008FA782 /* Podspec Metadata */ = {
			isa = PBXGroup;
			children = (
				4DEA84C8EDF278495B3237DE /* DDPresenterService.podspec */,
				C302D37529704CCE078B1029 /* DDPresenterServiceImpl.podspec */,
				9AA702074C787F13E78FC18E /* DDPresenterDebug.podspec */,
				897B4273E7774102E88E335C /* README.md */,
				93FA4910EDFADAE204AD1E75 /* LICENSE */,
			);
			name = "Podspec Metadata";
			sourceTree = "<group>";
		};
		65A781D22BF2091D00599D2B /* Diff */ = {
			isa = PBXGroup;
			children = (
				65A781D32BF2096800599D2B /* UICollectionViewDiffViewController.swift */,
				65A781E32BF215DA00599D2B /* DiffBlockPresenter.swift */,
				65A781E42BF215DA00599D2B /* DiffBlockCell.swift */,
			);
			name = Diff;
			sourceTree = "<group>";
		};
		65A781E92BF2180A00599D2B /* UITableView */ = {
			isa = PBXGroup;
			children = (
				65A781EC2BF2181C00599D2B /* AutoSize */,
				65A781EB2BF2181800599D2B /* Diff */,
			);
			path = UITableView;
			sourceTree = "<group>";
		};
		65A781EB2BF2181800599D2B /* Diff */ = {
			isa = PBXGroup;
			children = (
				65A781EF2BF2184500599D2B /* UITableViewDiffViewControllerViewController.swift */,
				65A781F12BF2186900599D2B /* TableDiffBlockPresenter.swift */,
				65A781F22BF2186900599D2B /* TableDiffBlockTableCell.swift */,
			);
			path = Diff;
			sourceTree = "<group>";
		};
		65A781EC2BF2181C00599D2B /* AutoSize */ = {
			isa = PBXGroup;
			children = (
				65A781ED2BF2183600599D2B /* UITableViewAutoSizeViewControllerViewController.swift */,
				65A781F52BF2187E00599D2B /* TableAutoSizeForAutoLayoutPresenter.swift */,
				65A781F62BF2187E00599D2B /* TableAutoSizeForAutoLayoutTableCell.swift */,
				65A781F92BF2188C00599D2B /* TableAutoSizeForIntrinsicContentSizePresenter.swift */,
				65A781FA2BF2188C00599D2B /* TableAutoSizeForIntrinsicContentSizeTableCell.swift */,
				65A781FD2BF2189B00599D2B /* TableAutoSizeForSizeThatFitPresenter.swift */,
				65A781FE2BF2189B00599D2B /* TableAutoSizeForSizeThatFitTableCell.swift */,
			);
			path = AutoSize;
			sourceTree = "<group>";
		};
		65C6972F2BEB597800BD15CC /* UICollectionView */ = {
			isa = PBXGroup;
			children = (
				65A781D22BF2091D00599D2B /* Diff */,
				65C697362BEB59D700BD15CC /* AutoSize */,
			);
			name = UICollectionView;
			sourceTree = "<group>";
		};
		65C697322BEB599900BD15CC /* Animations */ = {
			isa = PBXGroup;
			children = (
				65119A692BEDCEF30007C08A /* MyAnimationPresenter.swift */,
				65119A6A2BEDCEF30007C08A /* MyAnimationViewController.swift */,
				65119A6B2BEDCEF30007C08A /* MyAnimationView.swift */,
			);
			name = Animations;
			sourceTree = "<group>";
		};
		65C697332BEB59A500BD15CC /* ViewPresenter */ = {
			isa = PBXGroup;
			children = (
				65C697372BEB5C7100BD15CC /* Stateful */,
				65C697352BEB59CA00BD15CC /* Services */,
				65C697342BEB59BC00BD15CC /* Notifications */,
				65C697322BEB599900BD15CC /* Animations */,
			);
			name = ViewPresenter;
			sourceTree = "<group>";
		};
		65C697342BEB59BC00BD15CC /* Notifications */ = {
			isa = PBXGroup;
			children = (
				65119A6F2BEDE3D50007C08A /* MyNotificationPresenter.swift */,
				65119A702BEDE3D50007C08A /* MyNotificationViewController.swift */,
				65119A712BEDE3D50007C08A /* MyNotificationView.swift */,
			);
			name = Notifications;
			sourceTree = "<group>";
		};
		65C697352BEB59CA00BD15CC /* Services */ = {
			isa = PBXGroup;
			children = (
				65C6973E2BEDC4C700BD15CC /* MyServicePresenter.swift */,
				65C6973F2BEDC4C700BD15CC /* MyServiceViewController.swift */,
				65C697402BEDC4C700BD15CC /* MyServiceView.swift */,
				65C697442BEDC5EF00BD15CC /* MyPureService.swift */,
				65C697462BEDC60200BD15CC /* MyDirtyService.swift */,
			);
			name = Services;
			sourceTree = "<group>";
		};
		65C697362BEB59D700BD15CC /* AutoSize */ = {
			isa = PBXGroup;
			children = (
				65A781D52BF2097A00599D2B /* UICollectionViewAutoSizeViewController.swift */,
				65A781D72BF209E800599D2B /* AutoSizeForAutoLayoutPresenter.swift */,
				65A781D82BF209E800599D2B /* AutoSizeForAutoLayoutCell.swift */,
				65A781DF2BF20AB900599D2B /* AutoSizeForIntrinsicContentSizePresenter.swift */,
				65A781E02BF20AB900599D2B /* AutoSizeForIntrinsicContentSizeCell.swift */,
				65A781DB2BF20A0000599D2B /* AutoSizeForSizeThatFitPresenter.swift */,
				65A781DC2BF20A0000599D2B /* AutoSizeForSizeThatFitCell.swift */,
			);
			name = AutoSize;
			sourceTree = "<group>";
		};
		65C697372BEB5C7100BD15CC /* Stateful */ = {
			isa = PBXGroup;
			children = (
				65C697382BEDC13000BD15CC /* MyStatefulPresenter.swift */,
				65C697392BEDC13000BD15CC /* MyStatefulViewController.swift */,
				65C6973A2BEDC13000BD15CC /* MyStatefulView.swift */,
			);
			name = Stateful;
			sourceTree = "<group>";
		};
		A39EF5A2DDE7B13E96ABCEFB /* Pods */ = {
			isa = PBXGroup;
			children = (
				EB2E8788038667D7A90B99B2 /* Pods-DDPresenter_Example.debug.xcconfig */,
				393C7DF42CD318FB4223EE2F /* Pods-DDPresenter_Example.release.xcconfig */,
				B117C3146C7761FF5AAEEB27 /* Pods-DDPresenter_Tests.debug.xcconfig */,
				81108858FB42E5F578713280 /* Pods-DDPresenter_Tests.release.xcconfig */,
			);
			path = Pods;
			sourceTree = "<group>";
		};
		E61D024D16DD4EDFB163D59B /* Frameworks */ = {
			isa = PBXGroup;
			children = (
				0FF4AC41A0AC37636BF9518E /* libPods-DDPresenter_Example.a */,
				D5DC239F8F2524E80FD986A3 /* libPods-DDPresenter_Tests.a */,
			);
			name = Frameworks;
			sourceTree = "<group>";
		};
/* End PBXGroup section */

/* Begin PBXNativeTarget section */
		607FACCF1AFB9204008FA782 /* DDPresenter_Example */ = {
			isa = PBXNativeTarget;
			buildConfigurationList = 607FACEF1AFB9204008FA782 /* Build configuration list for PBXNativeTarget "DDPresenter_Example" */;
			buildPhases = (
				DEEE68B3BC9BAD92C1A00F10 /* [CP] Check Pods Manifest.lock */,
				607FACCC1AFB9204008FA782 /* Sources */,
				607FACCD1AFB9204008FA782 /* Frameworks */,
				607FACCE1AFB9204008FA782 /* Resources */,
				D95EA02102474A2AFBBE0B0D /* [CP] Copy Pods Resources */,
			);
			buildRules = (
			);
			dependencies = (
			);
			name = DDPresenter_Example;
			productName = DDPresenter;
			productReference = 607FACD01AFB9204008FA782 /* DDPresenter_Example.app */;
			productType = "com.apple.product-type.application";
		};
		607FACE41AFB9204008FA782 /* DDPresenter_Tests */ = {
			isa = PBXNativeTarget;
			buildConfigurationList = 607FACF21AFB9204008FA782 /* Build configuration list for PBXNativeTarget "DDPresenter_Tests" */;
			buildPhases = (
				25D065D190E60FD898A0FAE9 /* [CP] Check Pods Manifest.lock */,
				607FACE11AFB9204008FA782 /* Sources */,
				607FACE21AFB9204008FA782 /* Frameworks */,
				607FACE31AFB9204008FA782 /* Resources */,
			);
			buildRules = (
			);
			dependencies = (
				607FACE71AFB9204008FA782 /* PBXTargetDependency */,
			);
			name = DDPresenter_Tests;
			productName = Tests;
			productReference = 607FACE51AFB9204008FA782 /* DDPresenter_Tests.xctest */;
			productType = "com.apple.product-type.bundle.unit-test";
		};
/* End PBXNativeTarget section */

/* Begin PBXProject section */
		607FACC81AFB9204008FA782 /* Project object */ = {
			isa = PBXProject;
			attributes = {
				LastSwiftUpdateCheck = 0830;
				LastUpgradeCheck = 0830;
				ORGANIZATIONNAME = CocoaPods;
				TargetAttributes = {
					607FACCF1AFB9204008FA782 = {
						CreatedOnToolsVersion = 6.3.1;
						LastSwiftMigration = 1320;
					};
					607FACE41AFB9204008FA782 = {
						CreatedOnToolsVersion = 6.3.1;
						LastSwiftMigration = 0900;
						TestTargetID = 607FACCF1AFB9204008FA782;
					};
				};
			};
			buildConfigurationList = 607FACCB1AFB9204008FA782 /* Build configuration list for PBXProject "DDPresenter" */;
			compatibilityVersion = "Xcode 3.2";
			developmentRegion = English;
			hasScannedForEncodings = 0;
			knownRegions = (
				English,
				en,
				Base,
			);
			mainGroup = 607FACC71AFB9204008FA782;
			productRefGroup = 607FACD11AFB9204008FA782 /* Products */;
			projectDirPath = "";
			projectRoot = "";
			targets = (
				607FACCF1AFB9204008FA782 /* DDPresenter_Example */,
				607FACE41AFB9204008FA782 /* DDPresenter_Tests */,
			);
		};
/* End PBXProject section */

/* Begin PBXResourcesBuildPhase section */
		607FACCE1AFB9204008FA782 /* Resources */ = {
			isa = PBXResourcesBuildPhase;
			buildActionMask = 2147483647;
			files = (
				607FACDB1AFB9204008FA782 /* Main.storyboard in Resources */,
				607FACE01AFB9204008FA782 /* LaunchScreen.xib in Resources */,
				607FACDD1AFB9204008FA782 /* Images.xcassets in Resources */,
			);
			runOnlyForDeploymentPostprocessing = 0;
		};
		607FACE31AFB9204008FA782 /* Resources */ = {
			isa = PBXResourcesBuildPhase;
			buildActionMask = 2147483647;
			files = (
			);
			runOnlyForDeploymentPostprocessing = 0;
		};
/* End PBXResourcesBuildPhase section */

/* Begin PBXShellScriptBuildPhase section */
		25D065D190E60FD898A0FAE9 /* [CP] Check Pods Manifest.lock */ = {
			isa = PBXShellScriptBuildPhase;
			buildActionMask = 2147483647;
			files = (
			);
			inputFileListPaths = (
			);
			inputPaths = (
				"${PODS_PODFILE_DIR_PATH}/Podfile.lock",
				"${PODS_ROOT}/Manifest.lock",
			);
			name = "[CP] Check Pods Manifest.lock";
			outputFileListPaths = (
			);
			outputPaths = (
				"$(DERIVED_FILE_DIR)/Pods-DDPresenter_Tests-checkManifestLockResult.txt",
			);
			runOnlyForDeploymentPostprocessing = 0;
			shellPath = /bin/sh;
			shellScript = "diff \"${PODS_PODFILE_DIR_PATH}/Podfile.lock\" \"${PODS_ROOT}/Manifest.lock\" > /dev/null\nif [ $? != 0 ] ; then\n    # print error to STDERR\n    echo \"error: The sandbox is not in sync with the Podfile.lock. Run 'pod install' or update your CocoaPods installation.\" >&2\n    exit 1\nfi\n# This output is used by Xcode 'outputs' to avoid re-running this script phase.\necho \"SUCCESS\" > \"${SCRIPT_OUTPUT_FILE_0}\"\n";
			showEnvVarsInLog = 0;
		};
		D95EA02102474A2AFBBE0B0D /* [CP] Copy Pods Resources */ = {
			isa = PBXShellScriptBuildPhase;
			buildActionMask = 2147483647;
			files = (
			);
			inputPaths = (
				"${PODS_ROOT}/Target Support Files/Pods-DDPresenter_Example/Pods-DDPresenter_Example-resources.sh",
				"${PODS_CONFIGURATION_BUILD_DIR}/DDPresenter/DDPresenter.bundle",
				"${PODS_CONFIGURATION_BUILD_DIR}/SnapKit/SnapKit_Privacy.bundle",
			);
			name = "[CP] Copy Pods Resources";
			outputPaths = (
				"${TARGET_BUILD_DIR}/${UNLOCALIZED_RESOURCES_FOLDER_PATH}/DDPresenter.bundle",
				"${TARGET_BUILD_DIR}/${UNLOCALIZED_RESOURCES_FOLDER_PATH}/SnapKit_Privacy.bundle",
			);
			runOnlyForDeploymentPostprocessing = 0;
			shellPath = /bin/sh;
			shellScript = "\"${PODS_ROOT}/Target Support Files/Pods-DDPresenter_Example/Pods-DDPresenter_Example-resources.sh\"\n";
			showEnvVarsInLog = 0;
		};
		DEEE68B3BC9BAD92C1A00F10 /* [CP] Check Pods Manifest.lock */ = {
			isa = PBXShellScriptBuildPhase;
			buildActionMask = 2147483647;
			files = (
			);
			inputFileListPaths = (
			);
			inputPaths = (
				"${PODS_PODFILE_DIR_PATH}/Podfile.lock",
				"${PODS_ROOT}/Manifest.lock",
			);
			name = "[CP] Check Pods Manifest.lock";
			outputFileListPaths = (
			);
			outputPaths = (
				"$(DERIVED_FILE_DIR)/Pods-DDPresenter_Example-checkManifestLockResult.txt",
			);
			runOnlyForDeploymentPostprocessing = 0;
			shellPath = /bin/sh;
			shellScript = "diff \"${PODS_PODFILE_DIR_PATH}/Podfile.lock\" \"${PODS_ROOT}/Manifest.lock\" > /dev/null\nif [ $? != 0 ] ; then\n    # print error to STDERR\n    echo \"error: The sandbox is not in sync with the Podfile.lock. Run 'pod install' or update your CocoaPods installation.\" >&2\n    exit 1\nfi\n# This output is used by Xcode 'outputs' to avoid re-running this script phase.\necho \"SUCCESS\" > \"${SCRIPT_OUTPUT_FILE_0}\"\n";
			showEnvVarsInLog = 0;
		};
/* End PBXShellScriptBuildPhase section */

/* Begin PBXSourcesBuildPhase section */
		607FACCC1AFB9204008FA782 /* Sources */ = {
			isa = PBXSourcesBuildPhase;
			buildActionMask = 2147483647;
			files = (
				65C697452BEDC5EF00BD15CC /* MyPureService.swift in Sources */,
				65A781DE2BF20A0000599D2B /* AutoSizeForSizeThatFitCell.swift in Sources */,
				65A781D62BF2097A00599D2B /* UICollectionViewAutoSizeViewController.swift in Sources */,
				65A781EE2BF2183600599D2B /* UITableViewAutoSizeViewControllerViewController.swift in Sources */,
				65C697412BEDC4C700BD15CC /* MyServicePresenter.swift in Sources */,
				65C697422BEDC4C700BD15CC /* MyServiceViewController.swift in Sources */,
				65A781F02BF2184500599D2B /* UITableViewDiffViewControllerViewController.swift in Sources */,
				65119A6D2BEDCEF30007C08A /* MyAnimationViewController.swift in Sources */,
				65A782002BF2189B00599D2B /* TableAutoSizeForSizeThatFitTableCell.swift in Sources */,
				65C6973D2BEDC13000BD15CC /* MyStatefulView.swift in Sources */,
				65C6973B2BEDC13000BD15CC /* MyStatefulPresenter.swift in Sources */,
				607FACD81AFB9204008FA782 /* MainViewController.swift in Sources */,
				65A781E52BF215DA00599D2B /* DiffBlockPresenter.swift in Sources */,
				65C697472BEDC60200BD15CC /* MyDirtyService.swift in Sources */,
				65119A6C2BEDCEF30007C08A /* MyAnimationPresenter.swift in Sources */,
				65A781F42BF2186900599D2B /* TableDiffBlockTableCell.swift in Sources */,
				65A781E12BF20AB900599D2B /* AutoSizeForIntrinsicContentSizePresenter.swift in Sources */,
				65119A6E2BEDCEF30007C08A /* MyAnimationView.swift in Sources */,
				607FACD61AFB9204008FA782 /* AppDelegate.swift in Sources */,
				65A781D92BF209E800599D2B /* AutoSizeForAutoLayoutPresenter.swift in Sources */,
				65A781FF2BF2189B00599D2B /* TableAutoSizeForSizeThatFitPresenter.swift in Sources */,
				65A781DD2BF20A0000599D2B /* AutoSizeForSizeThatFitPresenter.swift in Sources */,
				65A781DA2BF209E800599D2B /* AutoSizeForAutoLayoutCell.swift in Sources */,
				65119A732BEDE3D50007C08A /* MyNotificationViewController.swift in Sources */,
				65A781F72BF2187E00599D2B /* TableAutoSizeForAutoLayoutPresenter.swift in Sources */,
				65C697432BEDC4C700BD15CC /* MyServiceView.swift in Sources */,
				65C6973C2BEDC13000BD15CC /* MyStatefulViewController.swift in Sources */,
				65119A722BEDE3D50007C08A /* MyNotificationPresenter.swift in Sources */,
				65A781F82BF2187E00599D2B /* TableAutoSizeForAutoLayoutTableCell.swift in Sources */,
				65A781E62BF215DA00599D2B /* DiffBlockCell.swift in Sources */,
				65A781D42BF2096800599D2B /* UICollectionViewDiffViewController.swift in Sources */,
				65A781F32BF2186900599D2B /* TableDiffBlockPresenter.swift in Sources */,
				2BF90ECA27D9D47000F5017C /* FunctionViewController.swift in Sources */,
				65A781E22BF20AB900599D2B /* AutoSizeForIntrinsicContentSizeCell.swift in Sources */,
				65A781FC2BF2188C00599D2B /* TableAutoSizeForIntrinsicContentSizeTableCell.swift in Sources */,
				65A781FB2BF2188C00599D2B /* TableAutoSizeForIntrinsicContentSizePresenter.swift in Sources */,
				65119A742BEDE3D50007C08A /* MyNotificationView.swift in Sources */,
			);
			runOnlyForDeploymentPostprocessing = 0;
		};
		607FACE11AFB9204008FA782 /* Sources */ = {
			isa = PBXSourcesBuildPhase;
			buildActionMask = 2147483647;
			files = (
				607FACEC1AFB9204008FA782 /* Tests.swift in Sources */,
			);
			runOnlyForDeploymentPostprocessing = 0;
		};
/* End PBXSourcesBuildPhase section */

/* Begin PBXTargetDependency section */
		607FACE71AFB9204008FA782 /* PBXTargetDependency */ = {
			isa = PBXTargetDependency;
			target = 607FACCF1AFB9204008FA782 /* DDPresenter_Example */;
			targetProxy = 607FACE61AFB9204008FA782 /* PBXContainerItemProxy */;
		};
/* End PBXTargetDependency section */

/* Begin PBXVariantGroup section */
		607FACD91AFB9204008FA782 /* Main.storyboard */ = {
			isa = PBXVariantGroup;
			children = (
				607FACDA1AFB9204008FA782 /* Base */,
			);
			name = Main.storyboard;
			sourceTree = "<group>";
		};
		607FACDE1AFB9204008FA782 /* LaunchScreen.xib */ = {
			isa = PBXVariantGroup;
			children = (
				607FACDF1AFB9204008FA782 /* Base */,
			);
			name = LaunchScreen.xib;
			sourceTree = "<group>";
		};
/* End PBXVariantGroup section */

/* Begin XCBuildConfiguration section */
		607FACED1AFB9204008FA782 /* Debug */ = {
			isa = XCBuildConfiguration;
			buildSettings = {
				ALWAYS_SEARCH_USER_PATHS = NO;
				CLANG_CXX_LANGUAGE_STANDARD = "gnu++0x";
				CLANG_CXX_LIBRARY = "libc++";
				CLANG_ENABLE_MODULES = YES;
				CLANG_ENABLE_OBJC_ARC = YES;
				CLANG_WARN_BLOCK_CAPTURE_AUTORELEASING = YES;
				CLANG_WARN_BOOL_CONVERSION = YES;
				CLANG_WARN_COMMA = YES;
				CLANG_WARN_CONSTANT_CONVERSION = YES;
				CLANG_WARN_DIRECT_OBJC_ISA_USAGE = YES_ERROR;
				CLANG_WARN_EMPTY_BODY = YES;
				CLANG_WARN_ENUM_CONVERSION = YES;
				CLANG_WARN_INFINITE_RECURSION = YES;
				CLANG_WARN_INT_CONVERSION = YES;
				CLANG_WARN_NON_LITERAL_NULL_CONVERSION = YES;
				CLANG_WARN_OBJC_LITERAL_CONVERSION = YES;
				CLANG_WARN_OBJC_ROOT_CLASS = YES_ERROR;
				CLANG_WARN_RANGE_LOOP_ANALYSIS = YES;
				CLANG_WARN_STRICT_PROTOTYPES = YES;
				CLANG_WARN_SUSPICIOUS_MOVE = YES;
				CLANG_WARN_UNREACHABLE_CODE = YES;
				CLANG_WARN__DUPLICATE_METHOD_MATCH = YES;
				"CODE_SIGN_IDENTITY[sdk=iphoneos*]" = "iPhone Developer";
				COPY_PHASE_STRIP = NO;
				DEBUG_INFORMATION_FORMAT = "dwarf-with-dsym";
				ENABLE_STRICT_OBJC_MSGSEND = YES;
				ENABLE_TESTABILITY = YES;
				GCC_C_LANGUAGE_STANDARD = gnu99;
				GCC_DYNAMIC_NO_PIC = NO;
				GCC_NO_COMMON_BLOCKS = YES;
				GCC_OPTIMIZATION_LEVEL = 0;
				GCC_PREPROCESSOR_DEFINITIONS = (
					"DEBUG=1",
					"$(inherited)",
				);
				GCC_SYMBOLS_PRIVATE_EXTERN = NO;
				GCC_WARN_64_TO_32_BIT_CONVERSION = YES;
				GCC_WARN_ABOUT_RETURN_TYPE = YES_ERROR;
				GCC_WARN_UNDECLARED_SELECTOR = YES;
				GCC_WARN_UNINITIALIZED_AUTOS = YES_AGGRESSIVE;
				GCC_WARN_UNUSED_FUNCTION = YES;
				GCC_WARN_UNUSED_VARIABLE = YES;
				IPHONEOS_DEPLOYMENT_TARGET = 13.0;
				MTL_ENABLE_DEBUG_INFO = YES;
				ONLY_ACTIVE_ARCH = YES;
				SDKROOT = iphoneos;
				SWIFT_OPTIMIZATION_LEVEL = "-Onone";
			};
			name = Debug;
		};
		607FACEE1AFB9204008FA782 /* Release */ = {
			isa = XCBuildConfiguration;
			buildSettings = {
				ALWAYS_SEARCH_USER_PATHS = NO;
				CLANG_CXX_LANGUAGE_STANDARD = "gnu++0x";
				CLANG_CXX_LIBRARY = "libc++";
				CLANG_ENABLE_MODULES = YES;
				CLANG_ENABLE_OBJC_ARC = YES;
				CLANG_WARN_BLOCK_CAPTURE_AUTORELEASING = YES;
				CLANG_WARN_BOOL_CONVERSION = YES;
				CLANG_WARN_COMMA = YES;
				CLANG_WARN_CONSTANT_CONVERSION = YES;
				CLANG_WARN_DIRECT_OBJC_ISA_USAGE = YES_ERROR;
				CLANG_WARN_EMPTY_BODY = YES;
				CLANG_WARN_ENUM_CONVERSION = YES;
				CLANG_WARN_INFINITE_RECURSION = YES;
				CLANG_WARN_INT_CONVERSION = YES;
				CLANG_WARN_NON_LITERAL_NULL_CONVERSION = YES;
				CLANG_WARN_OBJC_LITERAL_CONVERSION = YES;
				CLANG_WARN_OBJC_ROOT_CLASS = YES_ERROR;
				CLANG_WARN_RANGE_LOOP_ANALYSIS = YES;
				CLANG_WARN_STRICT_PROTOTYPES = YES;
				CLANG_WARN_SUSPICIOUS_MOVE = YES;
				CLANG_WARN_UNREACHABLE_CODE = YES;
				CLANG_WARN__DUPLICATE_METHOD_MATCH = YES;
				"CODE_SIGN_IDENTITY[sdk=iphoneos*]" = "iPhone Developer";
				COPY_PHASE_STRIP = NO;
				DEBUG_INFORMATION_FORMAT = "dwarf-with-dsym";
				ENABLE_NS_ASSERTIONS = NO;
				ENABLE_STRICT_OBJC_MSGSEND = YES;
				GCC_C_LANGUAGE_STANDARD = gnu99;
				GCC_NO_COMMON_BLOCKS = YES;
				GCC_WARN_64_TO_32_BIT_CONVERSION = YES;
				GCC_WARN_ABOUT_RETURN_TYPE = YES_ERROR;
				GCC_WARN_UNDECLARED_SELECTOR = YES;
				GCC_WARN_UNINITIALIZED_AUTOS = YES_AGGRESSIVE;
				GCC_WARN_UNUSED_FUNCTION = YES;
				GCC_WARN_UNUSED_VARIABLE = YES;
				IPHONEOS_DEPLOYMENT_TARGET = 13.0;
				MTL_ENABLE_DEBUG_INFO = NO;
				SDKROOT = iphoneos;
				SWIFT_OPTIMIZATION_LEVEL = "-Owholemodule";
				VALIDATE_PRODUCT = YES;
			};
			name = Release;
		};
		607FACF01AFB9204008FA782 /* Debug */ = {
			isa = XCBuildConfiguration;
			baseConfigurationReference = EB2E8788038667D7A90B99B2 /* Pods-DDPresenter_Example.debug.xcconfig */;
			buildSettings = {
				ASSETCATALOG_COMPILER_APPICON_NAME = AppIcon;
				CLANG_ENABLE_MODULES = YES;
				INFOPLIST_FILE = DDPresenter/Info.plist;
				LD_RUNPATH_SEARCH_PATHS = "$(inherited) @executable_path/Frameworks";
				MODULE_NAME = ExampleApp;
				PRODUCT_BUNDLE_IDENTIFIER = "org.cocoapods.demo.$(PRODUCT_NAME:rfc1034identifier)";
				PRODUCT_NAME = "$(TARGET_NAME)";
				SWIFT_OBJC_BRIDGING_HEADER = "";
				SWIFT_OPTIMIZATION_LEVEL = "-Onone";
				SWIFT_SWIFT3_OBJC_INFERENCE = Default;
				SWIFT_VERSION = 5.0;
			};
			name = Debug;
		};
		607FACF11AFB9204008FA782 /* Release */ = {
			isa = XCBuildConfiguration;
			baseConfigurationReference = 393C7DF42CD318FB4223EE2F /* Pods-DDPresenter_Example.release.xcconfig */;
			buildSettings = {
				ASSETCATALOG_COMPILER_APPICON_NAME = AppIcon;
				CLANG_ENABLE_MODULES = YES;
				INFOPLIST_FILE = DDPresenter/Info.plist;
				LD_RUNPATH_SEARCH_PATHS = "$(inherited) @executable_path/Frameworks";
				MODULE_NAME = ExampleApp;
				PRODUCT_BUNDLE_IDENTIFIER = "org.cocoapods.demo.$(PRODUCT_NAME:rfc1034identifier)";
				PRODUCT_NAME = "$(TARGET_NAME)";
				SWIFT_OBJC_BRIDGING_HEADER = "";
				SWIFT_SWIFT3_OBJC_INFERENCE = Default;
				SWIFT_VERSION = 5.0;
			};
			name = Release;
		};
		607FACF31AFB9204008FA782 /* Debug */ = {
			isa = XCBuildConfiguration;
			baseConfigurationReference = B117C3146C7761FF5AAEEB27 /* Pods-DDPresenter_Tests.debug.xcconfig */;
			buildSettings = {
				FRAMEWORK_SEARCH_PATHS = (
					"$(PLATFORM_DIR)/Developer/Library/Frameworks",
					"$(inherited)",
				);
				GCC_PREPROCESSOR_DEFINITIONS = (
					"DEBUG=1",
					"$(inherited)",
				);
				INFOPLIST_FILE = Tests/Info.plist;
				LD_RUNPATH_SEARCH_PATHS = "$(inherited) @executable_path/Frameworks @loader_path/Frameworks";
				PRODUCT_BUNDLE_IDENTIFIER = "org.cocoapods.$(PRODUCT_NAME:rfc1034identifier)";
				PRODUCT_NAME = "$(TARGET_NAME)";
				SWIFT_SWIFT3_OBJC_INFERENCE = Default;
				SWIFT_VERSION = 5.0;
				TEST_HOST = "$(BUILT_PRODUCTS_DIR)/DDPresenter_Example.app/DDPresenter_Example";
			};
			name = Debug;
		};
		607FACF41AFB9204008FA782 /* Release */ = {
			isa = XCBuildConfiguration;
			baseConfigurationReference = 81108858FB42E5F578713280 /* Pods-DDPresenter_Tests.release.xcconfig */;
			buildSettings = {
				FRAMEWORK_SEARCH_PATHS = (
					"$(PLATFORM_DIR)/Developer/Library/Frameworks",
					"$(inherited)",
				);
				INFOPLIST_FILE = Tests/Info.plist;
				LD_RUNPATH_SEARCH_PATHS = "$(inherited) @executable_path/Frameworks @loader_path/Frameworks";
				PRODUCT_BUNDLE_IDENTIFIER = "org.cocoapods.$(PRODUCT_NAME:rfc1034identifier)";
				PRODUCT_NAME = "$(TARGET_NAME)";
				SWIFT_SWIFT3_OBJC_INFERENCE = Default;
				SWIFT_VERSION = 5.0;
				TEST_HOST = "$(BUILT_PRODUCTS_DIR)/DDPresenter_Example.app/DDPresenter_Example";
			};
			name = Release;
		};
/* End XCBuildConfiguration section */

/* Begin XCConfigurationList section */
		607FACCB1AFB9204008FA782 /* Build configuration list for PBXProject "DDPresenter" */ = {
			isa = XCConfigurationList;
			buildConfigurations = (
				607FACED1AFB9204008FA782 /* Debug */,
				607FACEE1AFB9204008FA782 /* Release */,
			);
			defaultConfigurationIsVisible = 0;
			defaultConfigurationName = Release;
		};
		607FACEF1AFB9204008FA782 /* Build configuration list for PBXNativeTarget "DDPresenter_Example" */ = {
			isa = XCConfigurationList;
			buildConfigurations = (
				607FACF01AFB9204008FA782 /* Debug */,
				607FACF11AFB9204008FA782 /* Release */,
			);
			defaultConfigurationIsVisible = 0;
			defaultConfigurationName = Release;
		};
		607FACF21AFB9204008FA782 /* Build configuration list for PBXNativeTarget "DDPresenter_Tests" */ = {
			isa = XCConfigurationList;
			buildConfigurations = (
				607FACF31AFB9204008FA782 /* Debug */,
				607FACF41AFB9204008FA782 /* Release */,
			);
			defaultConfigurationIsVisible = 0;
			defaultConfigurationName = Release;
		};
/* End XCConfigurationList section */
	};
	rootObject = 607FACC81AFB9204008FA782 /* Project object */;
}
